// !$*UTF8*$!
{
	archiveVersion = 1;
	classes = {
	};
	objectVersion = 46;
	objects = {

/* Begin PBXBuildFile section */
		A21293A31BA84347008CED6F /* main.swift in Sources */ = {isa = PBXBuildFile; fileRef = A21293A21BA84347008CED6F /* main.swift */; };
		A21293AA1BA84395008CED6F /* SpeedTest.swift in Sources */ = {isa = PBXBuildFile; fileRef = A21293A91BA84395008CED6F /* SpeedTest.swift */; settings = {ASSET_TAGS = (); }; };
		A21293AE1BA84610008CED6F /* ObjCClass.m in Sources */ = {isa = PBXBuildFile; fileRef = A21293AD1BA84610008CED6F /* ObjCClass.m */; settings = {ASSET_TAGS = (); }; };
/* End PBXBuildFile section */

/* Begin PBXCopyFilesBuildPhase section */
		A212939D1BA84347008CED6F /* CopyFiles */ = {
			isa = PBXCopyFilesBuildPhase;
			buildActionMask = 2147483647;
			dstPath = /usr/share/man/man1/;
			dstSubfolderSpec = 0;
			files = (
			);
			runOnlyForDeploymentPostprocessing = 1;
		};
/* End PBXCopyFilesBuildPhase section */

/* Begin PBXFileReference section */
		A212939F1BA84347008CED6F /* SwiftSpeedTest */ = {isa = PBXFileReference; explicitFileType = "compiled.mach-o.executable"; includeInIndex = 0; path = SwiftSpeedTest; sourceTree = BUILT_PRODUCTS_DIR; };
		A21293A21BA84347008CED6F /* main.swift */ = {isa = PBXFileReference; lastKnownFileType = sourcecode.swift; path = main.swift; sourceTree = "<group>"; };
		A21293A91BA84395008CED6F /* SpeedTest.swift */ = {isa = PBXFileReference; fileEncoding = 4; lastKnownFileType = sourcecode.swift; path = SpeedTest.swift; sourceTree = "<group>"; };
		A21293AB1BA8460F008CED6F /* SwiftSpeedTest-Bridging-Header.h */ = {isa = PBXFileReference; lastKnownFileType = sourcecode.c.h; path = "SwiftSpeedTest-Bridging-Header.h"; sourceTree = "<group>"; };
		A21293AC1BA84610008CED6F /* ObjCClass.h */ = {isa = PBXFileReference; fileEncoding = 4; lastKnownFileType = sourcecode.c.h; path = ObjCClass.h; sourceTree = "<group>"; };
		A21293AD1BA84610008CED6F /* ObjCClass.m */ = {isa = PBXFileReference; fileEncoding = 4; lastKnownFileType = sourcecode.c.objc; path = ObjCClass.m; sourceTree = "<group>"; };
/* End PBXFileReference section */

/* Begin PBXFrameworksBuildPhase section */
		A212939C1BA84347008CED6F /* Frameworks */ = {
			isa = PBXFrameworksBuildPhase;
			buildActionMask = 2147483647;
			files = (
			);
			runOnlyForDeploymentPostprocessing = 0;
		};
/* End PBXFrameworksBuildPhase section */

/* Begin PBXGroup section */
		A21293961BA84347008CED6F = {
			isa = PBXGroup;
			children = (
				A21293A11BA84347008CED6F /* SwiftSpeedTest */,
				A21293A01BA84347008CED6F /* Products */,
			);
			sourceTree = "<group>";
		};
		A21293A01BA84347008CED6F /* Products */ = {
			isa = PBXGroup;
			children = (
				A212939F1BA84347008CED6F /* SwiftSpeedTest */,
			);
			name = Products;
			sourceTree = "<group>";
		};
		A21293A11BA84347008CED6F /* SwiftSpeedTest */ = {
			isa = PBXGroup;
			children = (
				A21293A21BA84347008CED6F /* main.swift */,
				A21293A91BA84395008CED6F /* SpeedTest.swift */,
				A21293AC1BA84610008CED6F /* ObjCClass.h */,
				A21293AD1BA84610008CED6F /* ObjCClass.m */,
				A21293AB1BA8460F008CED6F /* SwiftSpeedTest-Bridging-Header.h */,
			);
			path = SwiftSpeedTest;
			sourceTree = "<group>";
		};
/* End PBXGroup section */

/* Begin PBXNativeTarget section */
		A212939E1BA84347008CED6F /* SwiftSpeedTest */ = {
			isa = PBXNativeTarget;
			buildConfigurationList = A21293A61BA84347008CED6F /* Build configuration list for PBXNativeTarget "SwiftSpeedTest" */;
			buildPhases = (
				A212939B1BA84347008CED6F /* Sources */,
				A212939C1BA84347008CED6F /* Frameworks */,
				A212939D1BA84347008CED6F /* CopyFiles */,
			);
			buildRules = (
			);
			dependencies = (
			);
			name = SwiftSpeedTest;
			productName = SwiftSpeedTest;
			productReference = A212939F1BA84347008CED6F /* SwiftSpeedTest */;
			productType = "com.apple.product-type.tool";
		};
/* End PBXNativeTarget section */

/* Begin PBXProject section */
		A21293971BA84347008CED6F /* Project object */ = {
			isa = PBXProject;
			attributes = {
				LastSwiftUpdateCheck = 0700;
				LastUpgradeCheck = 0700;
				ORGANIZATIONNAME = pebble8888;
				TargetAttributes = {
					A212939E1BA84347008CED6F = {
						CreatedOnToolsVersion = 7.0;
					};
				};
			};
			buildConfigurationList = A212939A1BA84347008CED6F /* Build configuration list for PBXProject "SwiftSpeedTest" */;
			compatibilityVersion = "Xcode 3.2";
			developmentRegion = English;
			hasScannedForEncodings = 0;
			knownRegions = (
				en,
			);
			mainGroup = A21293961BA84347008CED6F;
			productRefGroup = A21293A01BA84347008CED6F /* Products */;
			projectDirPath = "";
			projectRoot = "";
			targets = (
				A212939E1BA84347008CED6F /* SwiftSpeedTest */,
			);
		};
/* End PBXProject section */

/* Begin PBXSourcesBuildPhase section */
		A212939B1BA84347008CED6F /* Sources */ = {
			isa = PBXSourcesBuildPhase;
			buildActionMask = 2147483647;
			files = (
				A21293A31BA84347008CED6F /* main.swift in Sources */,
				A21293AA1BA84395008CED6F /* SpeedTest.swift in Sources */,
				A21293AE1BA84610008CED6F /* ObjCClass.m in Sources */,
			);
			runOnlyForDeploymentPostprocessing = 0;
		};
/* End PBXSourcesBuildPhase section */

/* Begin XCBuildConfiguration section */
		A21293A41BA84347008CED6F /* Debug */ = {
			isa = XCBuildConfiguration;
			buildSettings = {
				ALWAYS_SEARCH_USER_PATHS = NO;
				CLANG_CXX_LANGUAGE_STANDARD = "gnu++0x";
				CLANG_CXX_LIBRARY = "libc++";
				CLANG_ENABLE_MODULES = YES;
				CLANG_ENABLE_OBJC_ARC = YES;
				CLANG_WARN_BOOL_CONVERSION = YES;
				CLANG_WARN_CONSTANT_CONVERSION = YES;
				CLANG_WARN_DIRECT_OBJC_ISA_USAGE = YES_ERROR;
				CLANG_WARN_EMPTY_BODY = YES;
				CLANG_WARN_ENUM_CONVERSION = YES;
				CLANG_WARN_INT_CONVERSION = YES;
				CLANG_WARN_OBJC_ROOT_CLASS = YES_ERROR;
				CLANG_WARN_UNREACHABLE_CODE = YES;
				CLANG_WARN__DUPLICATE_METHOD_MATCH = YES;
				COPY_PHASE_STRIP = NO;
				DEBUG_INFORMATION_FORMAT = dwarf;
				ENABLE_STRICT_OBJC_MSGSEND = YES;
				ENABLE_TESTABILITY = YES;
				GCC_C_LANGUAGE_STANDARD = gnu99;
				GCC_DYNAMIC_NO_PIC = NO;
				GCC_NO_COMMON_BLOCKS = YES;
				GCC_OPTIMIZATION_LEVEL = 0;
				GCC_PREPROCESSOR_DEFINITIONS = (
					"DEBUG=1",
					"$(inherited)",
				);
				GCC_WARN_64_TO_32_BIT_CONVERSION = YES;
				GCC_WARN_ABOUT_RETURN_TYPE = YES_ERROR;
				GCC_WARN_UNDECLARED_SELECTOR = YES;
				GCC_WARN_UNINITIALIZED_AUTOS = YES_AGGRESSIVE;
				GCC_WARN_UNUSED_FUNCTION = YES;
				GCC_WARN_UNUSED_VARIABLE = YES;
				MACOSX_DEPLOYMENT_TARGET = 10.10;
				MTL_ENABLE_DEBUG_INFO = YES;
				ONLY_ACTIVE_ARCH = YES;
				SDKROOT = macosx;
				SWIFT_OPTIMIZATION_LEVEL = "-Onone";
			};
			name = Debug;
		};
		A21293A51BA84347008CED6F /* Release */ = {
			isa = XCBuildConfiguration;
			buildSettings = {
				ALWAYS_SEARCH_USER_PATHS = NO;
				CLANG_CXX_LANGUAGE_STANDARD = "gnu++0x";
				CLANG_CXX_LIBRARY = "libc++";
				CLANG_ENABLE_MODULES = YES;
				CLANG_ENABLE_OBJC_ARC = YES;
				CLANG_WARN_BOOL_CONVERSION = YES;
				CLANG_WARN_CONSTANT_CONVERSION = YES;
				CLANG_WARN_DIRECT_OBJC_ISA_USAGE = YES_ERROR;
				CLANG_WARN_EMPTY_BODY = YES;
				CLANG_WARN_ENUM_CONVERSION = YES;
				CLANG_WARN_INT_CONVERSION = YES;
				CLANG_WARN_OBJC_ROOT_CLASS = YES_ERROR;
				CLANG_WARN_UNREACHABLE_CODE = YES;
				CLANG_WARN__DUPLICATE_METHOD_MATCH = YES;
				COPY_PHASE_STRIP = NO;
				DEBUG_INFORMATION_FORMAT = "dwarf-with-dsym";
				ENABLE_NS_ASSERTIONS = NO;
				ENABLE_STRICT_OBJC_MSGSEND = YES;
				GCC_C_LANGUAGE_STANDARD = gnu99;
				GCC_NO_COMMON_BLOCKS = YES;
				GCC_WARN_64_TO_32_BIT_CONVERSION = YES;
				GCC_WARN_ABOUT_RETURN_TYPE = YES_ERROR;
				GCC_WARN_UNDECLARED_SELECTOR = YES;
				GCC_WARN_UNINITIALIZED_AUTOS = YES_AGGRESSIVE;
				GCC_WARN_UNUSED_FUNCTION = YES;
				GCC_WARN_UNUSED_VARIABLE = YES;
				MACOSX_DEPLOYMENT_TARGET = 10.10;
				MTL_ENABLE_DEBUG_INFO = NO;
				SDKROOT = macosx;
			};
			name = Release;
		};
		A21293A71BA84347008CED6F /* Debug */ = {
			isa = XCBuildConfiguration;
			buildSettings = {
				CLANG_ENABLE_MODULES = YES;
				LD_RUNPATH_SEARCH_PATHS = "$(inherited) @executable_path/../Frameworks @loader_path/../Frameworks";
				PRODUCT_NAME = "$(TARGET_NAME)";
				SWIFT_OBJC_BRIDGING_HEADER = "SwiftSpeedTest/SwiftSpeedTest-Bridging-Header.h";
				SWIFT_OPTIMIZATION_LEVEL = "-Onone";
			};
			name = Debug;
		};
		A21293A81BA84347008CED6F /* Release */ = {
			isa = XCBuildConfiguration;
			buildSettings = {
				CLANG_ENABLE_MODULES = YES;
				LD_RUNPATH_SEARCH_PATHS = "$(inherited) @executable_path/../Frameworks @loader_path/../Frameworks";
				PRODUCT_NAME = "$(TARGET_NAME)";
				SWIFT_OBJC_BRIDGING_HEADER = "SwiftSpeedTest/SwiftSpeedTest-Bridging-Header.h";
			};
			name = Release;
		};
/* End XCBuildConfiguration section */

/* Begin XCConfigurationList section */
		A212939A1BA84347008CED6F /* Build configuration list for PBXProject "SwiftSpeedTest" */ = {
			isa = XCConfigurationList;
			buildConfigurations = (
				A21293A41BA84347008CED6F /* Debug */,
				A21293A51BA84347008CED6F /* Release */,
			);
			defaultConfigurationIsVisible = 0;
			defaultConfigurationName = Release;
		};
		A21293A61BA84347008CED6F /* Build configuration list for PBXNativeTarget "SwiftSpeedTest" */ = {
			isa = XCConfigurationList;
			buildConfigurations = (
				A21293A71BA84347008CED6F /* Debug */,
				A21293A81BA84347008CED6F /* Release */,
			);
			defaultConfigurationIsVisible = 0;
		};
/* End XCConfigurationList section */
	};
	rootObject = A21293971BA84347008CED6F /* Project object */;
}
